
Microsoft Visual Studio Solution File, Format Version 12.00
# Visual Studio Version 16
VisualStudioVersion = 16.0.29613.14
MinimumVisualStudioVersion = 10.0.40219.1
Project("{FAE04EC0-301F-11D3-BF4B-00C04F79EFBC}") = "EventFeedFSM", "EventFeedFSM\EventFeedFSM.csproj", "{F4CFECAE-4292-495F-A3A2-5B75DDE0F505}"
EndProject
Global
	GlobalSection(SolutionConfigurationPlatforms) = preSolution
		Debug|Any CPU = Debug|Any CPU
		Release|Any CPU = Release|Any CPU
	EndGlobalSection
	GlobalSection(ProjectConfigurationPlatforms) = postSolution
		{F4CFECAE-4292-495F-A3A2-5B75DDE0F505}.Debug|Any CPU.ActiveCfg = Debug|Any CPU
		{F4CFECAE-4292-495F-A3A2-5B75DDE0F505}.Debug|Any CPU.Build.0 = Debug|Any CPU
		{F4CFECAE-4292-495F-A3A2-5B75DDE0F505}.Release|Any CPU.ActiveCfg = Release|Any CPU
		{F4CFECAE-4292-495F-A3A2-5B75DDE0F505}.Release|Any CPU.Build.0 = Release|Any CPU
	EndGlobalSection
	GlobalSection(SolutionProperties) = preSolution
		HideSolutionNode = FALSE
	EndGlobalSection
	GlobalSection(ExtensibilityGlobals) = postSolution
		SolutionGuid = {73DFA909-1AE5-410F-8CCB-02C09923BA0E}
	EndGlobalSection
EndGlobal
